
Microsoft Visual Studio Solution File, Format Version 12.00
# Visual Studio Version 17
VisualStudioVersion = 17.3.32929.385
MinimumVisualStudioVersion = 10.0.40219.1
Project("{FAE04EC0-301F-11D3-BF4B-00C04F79EFBC}") = "ReceiptApi", "ReceiptApi\ReceiptApi.csproj", "{39A100B0-CC36-47B8-AC50-986FE24DB26A}"
EndProject
Project("{FAE04EC0-301F-11D3-BF4B-00C04F79EFBC}") = "Receipt.Core", "Receipt.Core\Receipt.Core.csproj", "{08D1A307-4558-4EFF-A6E5-17A521C25141}"
EndProject
Project("{FAE04EC0-301F-11D3-BF4B-00C04F79EFBC}") = "Receipt.Service", "Receipt.Service\Receipt.Service.csproj", "{0CE8B02D-E5CB-425F-AD35-8B52316E93DB}"
EndProject
Project("{FAE04EC0-301F-11D3-BF4B-00C04F79EFBC}") = "Receipt.Db", "Receipt.Db\Receipt.Db.csproj", "{D248CCD6-3AF4-486D-A7CF-134DA2C27E9F}"
EndProject
Project("{FAE04EC0-301F-11D3-BF4B-00C04F79EFBC}") = "Receipt.Tests", "Receipt.Tests\Receipt.Tests.csproj", "{C3B1756C-C5D5-4577-8E12-4DAEDE2F8B8B}"
EndProject
Global
	GlobalSection(SolutionConfigurationPlatforms) = preSolution
		Debug|Any CPU = Debug|Any CPU
		Release|Any CPU = Release|Any CPU
	EndGlobalSection
	GlobalSection(ProjectConfigurationPlatforms) = postSolution
		{39A100B0-CC36-47B8-AC50-986FE24DB26A}.Debug|Any CPU.ActiveCfg = Debug|Any CPU
		{39A100B0-CC36-47B8-AC50-986FE24DB26A}.Debug|Any CPU.Build.0 = Debug|Any CPU
		{39A100B0-CC36-47B8-AC50-986FE24DB26A}.Release|Any CPU.ActiveCfg = Release|Any CPU
		{39A100B0-CC36-47B8-AC50-986FE24DB26A}.Release|Any CPU.Build.0 = Release|Any CPU
		{08D1A307-4558-4EFF-A6E5-17A521C25141}.Debug|Any CPU.ActiveCfg = Debug|Any CPU
		{08D1A307-4558-4EFF-A6E5-17A521C25141}.Debug|Any CPU.Build.0 = Debug|Any CPU
		{08D1A307-4558-4EFF-A6E5-17A521C25141}.Release|Any CPU.ActiveCfg = Release|Any CPU
		{08D1A307-4558-4EFF-A6E5-17A521C25141}.Release|Any CPU.Build.0 = Release|Any CPU
		{0CE8B02D-E5CB-425F-AD35-8B52316E93DB}.Debug|Any CPU.ActiveCfg = Debug|Any CPU
		{0CE8B02D-E5CB-425F-AD35-8B52316E93DB}.Debug|Any CPU.Build.0 = Debug|Any CPU
		{0CE8B02D-E5CB-425F-AD35-8B52316E93DB}.Release|Any CPU.ActiveCfg = Release|Any CPU
		{0CE8B02D-E5CB-425F-AD35-8B52316E93DB}.Release|Any CPU.Build.0 = Release|Any CPU
		{D248CCD6-3AF4-486D-A7CF-134DA2C27E9F}.Debug|Any CPU.ActiveCfg = Debug|Any CPU
		{D248CCD6-3AF4-486D-A7CF-134DA2C27E9F}.Debug|Any CPU.Build.0 = Debug|Any CPU
		{D248CCD6-3AF4-486D-A7CF-134DA2C27E9F}.Release|Any CPU.ActiveCfg = Release|Any CPU
		{D248CCD6-3AF4-486D-A7CF-134DA2C27E9F}.Release|Any CPU.Build.0 = Release|Any CPU
		{C3B1756C-C5D5-4577-8E12-4DAEDE2F8B8B}.Debug|Any CPU.ActiveCfg = Debug|Any CPU
		{C3B1756C-C5D5-4577-8E12-4DAEDE2F8B8B}.Debug|Any CPU.Build.0 = Debug|Any CPU
		{C3B1756C-C5D5-4577-8E12-4DAEDE2F8B8B}.Release|Any CPU.ActiveCfg = Release|Any CPU
		{C3B1756C-C5D5-4577-8E12-4DAEDE2F8B8B}.Release|Any CPU.Build.0 = Release|Any CPU
	EndGlobalSection
	GlobalSection(SolutionProperties) = preSolution
		HideSolutionNode = FALSE
	EndGlobalSection
	GlobalSection(ExtensibilityGlobals) = postSolution
		SolutionGuid = {63C7287C-D068-4129-AFB9-D942326D41D0}
	EndGlobalSection
EndGlobal
